
Microsoft Visual Studio Solution File, Format Version 12.00
# Visual Studio Version 16
VisualStudioVersion = 16.0.31005.135
MinimumVisualStudioVersion = 10.0.40219.1
Project("{FAE04EC0-301F-11D3-BF4B-00C04F79EFBC}") = "Domain.Twilio", "src\Domain.Twilio\Domain.Twilio.csproj", "{E835639E-7B2A-4F16-B5FC-59FF834252D8}"
EndProject
Project("{FAE04EC0-301F-11D3-BF4B-00C04F79EFBC}") = "ConsoleApp.Client", "src\ConsoleApp.Client\ConsoleApp.Client.csproj", "{10754966-7EF0-4C30-B6FA-AB8F747B5EB0}"
EndProject
Global
	GlobalSection(SolutionConfigurationPlatforms) = preSolution
		Debug|Any CPU = Debug|Any CPU
		Release|Any CPU = Release|Any CPU
	EndGlobalSection
	GlobalSection(ProjectConfigurationPlatforms) = postSolution
		{E835639E-7B2A-4F16-B5FC-59FF834252D8}.Debug|Any CPU.ActiveCfg = Debug|Any CPU
		{E835639E-7B2A-4F16-B5FC-59FF834252D8}.Debug|Any CPU.Build.0 = Debug|Any CPU
		{E835639E-7B2A-4F16-B5FC-59FF834252D8}.Release|Any CPU.ActiveCfg = Release|Any CPU
		{E835639E-7B2A-4F16-B5FC-59FF834252D8}.Release|Any CPU.Build.0 = Release|Any CPU
		{10754966-7EF0-4C30-B6FA-AB8F747B5EB0}.Debug|Any CPU.ActiveCfg = Debug|Any CPU
		{10754966-7EF0-4C30-B6FA-AB8F747B5EB0}.Debug|Any CPU.Build.0 = Debug|Any CPU
		{10754966-7EF0-4C30-B6FA-AB8F747B5EB0}.Release|Any CPU.ActiveCfg = Release|Any CPU
		{10754966-7EF0-4C30-B6FA-AB8F747B5EB0}.Release|Any CPU.Build.0 = Release|Any CPU
	EndGlobalSection
	GlobalSection(SolutionProperties) = preSolution
		HideSolutionNode = FALSE
	EndGlobalSection
	GlobalSection(ExtensibilityGlobals) = postSolution
		SolutionGuid = {8F82C353-AD7F-470C-91F7-BDC4D3469A4F}
	EndGlobalSection
EndGlobal
